
Microsoft Visual Studio Solution File, Format Version 12.00
# Visual Studio Version 16
VisualStudioVersion = 16.0.31105.61
MinimumVisualStudioVersion = 10.0.40219.1
Project("{FAE04EC0-301F-11D3-BF4B-00C04F79EFBC}") = "FlightInspectionDesktopApp", "FlightInspectionDesktopApp\FlightInspectionDesktopApp.csproj", "{A5357912-B160-462D-9F22-5A56A5DC16C5}"
EndProject
Global
	GlobalSection(SolutionConfigurationPlatforms) = preSolution
		Debug|Any CPU = Debug|Any CPU
		Release|Any CPU = Release|Any CPU
	EndGlobalSection
	GlobalSection(ProjectConfigurationPlatforms) = postSolution
		{A5357912-B160-462D-9F22-5A56A5DC16C5}.Debug|Any CPU.ActiveCfg = Debug|Any CPU
		{A5357912-B160-462D-9F22-5A56A5DC16C5}.Debug|Any CPU.Build.0 = Debug|Any CPU
		{A5357912-B160-462D-9F22-5A56A5DC16C5}.Release|Any CPU.ActiveCfg = Release|Any CPU
		{A5357912-B160-462D-9F22-5A56A5DC16C5}.Release|Any CPU.Build.0 = Release|Any CPU
	EndGlobalSection
	GlobalSection(SolutionProperties) = preSolution
		HideSolutionNode = FALSE
	EndGlobalSection
	GlobalSection(ExtensibilityGlobals) = postSolution
		SolutionGuid = {4958D45E-007F-45A2-8174-CD3E3AA377DF}
	EndGlobalSection
EndGlobal
